// !$*UTF8*$!
{
	archiveVersion = 1;
	classes = {
	};
	objectVersion = 50;
	objects = {

/* Begin PBXBuildFile section */
		196CB4F021B448E100C5B1D6 /* AppDelegate.swift in Sources */ = {isa = PBXBuildFile; fileRef = 196CB4EF21B448E100C5B1D6 /* AppDelegate.swift */; };
		196CB4F221B448E100C5B1D6 /* ViewController.swift in Sources */ = {isa = PBXBuildFile; fileRef = 196CB4F121B448E100C5B1D6 /* ViewController.swift */; };
		196CB4F521B448E100C5B1D6 /* Main.storyboard in Resources */ = {isa = PBXBuildFile; fileRef = 196CB4F321B448E100C5B1D6 /* Main.storyboard */; };
		196CB4F721B448E100C5B1D6 /* Assets.xcassets in Resources */ = {isa = PBXBuildFile; fileRef = 196CB4F621B448E100C5B1D6 /* Assets.xcassets */; };
		196CB4FA21B448E100C5B1D6 /* LaunchScreen.storyboard in Resources */ = {isa = PBXBuildFile; fileRef = 196CB4F821B448E100C5B1D6 /* LaunchScreen.storyboard */; };
		196CB50521B448E100C5B1D6 /* TestDangerTests.swift in Sources */ = {isa = PBXBuildFile; fileRef = 196CB50421B448E100C5B1D6 /* TestDangerTests.swift */; };
/* End PBXBuildFile section */

/* Begin PBXContainerItemProxy section */
		196CB50121B448E100C5B1D6 /* PBXContainerItemProxy */ = {
			isa = PBXContainerItemProxy;
			containerPortal = 196CB4E421B448E000C5B1D6 /* Project object */;
			proxyType = 1;
			remoteGlobalIDString = 196CB4EB21B448E000C5B1D6;
			remoteInfo = TestDanger;
		};
/* End PBXContainerItemProxy section */

/* Begin PBXFileReference section */
		196CB4EC21B448E000C5B1D6 /* TestDanger.app */ = {isa = PBXFileReference; explicitFileType = wrapper.application; includeInIndex = 0; path = TestDanger.app; sourceTree = BUILT_PRODUCTS_DIR; };
		196CB4EF21B448E100C5B1D6 /* AppDelegate.swift */ = {isa = PBXFileReference; lastKnownFileType = sourcecode.swift; path = AppDelegate.swift; sourceTree = "<group>"; };
		196CB4F121B448E100C5B1D6 /* ViewController.swift */ = {isa = PBXFileReference; lastKnownFileType = sourcecode.swift; path = ViewController.swift; sourceTree = "<group>"; };
		196CB4F421B448E100C5B1D6 /* Base */ = {isa = PBXFileReference; lastKnownFileType = file.storyboard; name = Base; path = Base.lproj/Main.storyboard; sourceTree = "<group>"; };
		196CB4F621B448E100C5B1D6 /* Assets.xcassets */ = {isa = PBXFileReference; lastKnownFileType = folder.assetcatalog; path = Assets.xcassets; sourceTree = "<group>"; };
		196CB4F921B448E100C5B1D6 /* Base */ = {isa = PBXFileReference; lastKnownFileType = file.storyboard; name = Base; path = Base.lproj/LaunchScreen.storyboard; sourceTree = "<group>"; };
		196CB4FB21B448E100C5B1D6 /* Info.plist */ = {isa = PBXFileReference; lastKnownFileType = text.plist.xml; path = Info.plist; sourceTree = "<group>"; };
		196CB50021B448E100C5B1D6 /* TestDangerTests.xctest */ = {isa = PBXFileReference; explicitFileType = wrapper.cfbundle; includeInIndex = 0; path = TestDangerTests.xctest; sourceTree = BUILT_PRODUCTS_DIR; };
		196CB50421B448E100C5B1D6 /* TestDangerTests.swift */ = {isa = PBXFileReference; lastKnownFileType = sourcecode.swift; path = TestDangerTests.swift; sourceTree = "<group>"; };
		196CB50621B448E100C5B1D6 /* Info.plist */ = {isa = PBXFileReference; lastKnownFileType = text.plist.xml; path = Info.plist; sourceTree = "<group>"; };
/* End PBXFileReference section */

/* Begin PBXFrameworksBuildPhase section */
		196CB4E921B448E000C5B1D6 /* Frameworks */ = {
			isa = PBXFrameworksBuildPhase;
			buildActionMask = 2147483647;
			files = (
			);
			runOnlyForDeploymentPostprocessing = 0;
		};
		196CB4FD21B448E100C5B1D6 /* Frameworks */ = {
			isa = PBXFrameworksBuildPhase;
			buildActionMask = 2147483647;
			files = (
			);
			runOnlyForDeploymentPostprocessing = 0;
		};
/* End PBXFrameworksBuildPhase section */

/* Begin PBXGroup section */
		196CB4E321B448E000C5B1D6 = {
			isa = PBXGroup;
			children = (
				196CB4EE21B448E100C5B1D6 /* TestDanger */,
				196CB50321B448E100C5B1D6 /* TestDangerTests */,
				196CB4ED21B448E000C5B1D6 /* Products */,
			);
			sourceTree = "<group>";
		};
		196CB4ED21B448E000C5B1D6 /* Products */ = {
			isa = PBXGroup;
			children = (
				196CB4EC21B448E000C5B1D6 /* TestDanger.app */,
				196CB50021B448E100C5B1D6 /* TestDangerTests.xctest */,
			);
			name = Products;
			sourceTree = "<group>";
		};
		196CB4EE21B448E100C5B1D6 /* TestDanger */ = {
			isa = PBXGroup;
			children = (
				196CB4EF21B448E100C5B1D6 /* AppDelegate.swift */,
				196CB4F121B448E100C5B1D6 /* ViewController.swift */,
				196CB4F321B448E100C5B1D6 /* Main.storyboard */,
				196CB4F621B448E100C5B1D6 /* Assets.xcassets */,
				196CB4F821B448E100C5B1D6 /* LaunchScreen.storyboard */,
				196CB4FB21B448E100C5B1D6 /* Info.plist */,
			);
			path = TestDanger;
			sourceTree = "<group>";
		};
		196CB50321B448E100C5B1D6 /* TestDangerTests */ = {
			isa = PBXGroup;
			children = (
				196CB50421B448E100C5B1D6 /* TestDangerTests.swift */,
				196CB50621B448E100C5B1D6 /* Info.plist */,
			);
			path = TestDangerTests;
			sourceTree = "<group>";
		};
/* End PBXGroup section */

/* Begin PBXNativeTarget section */
		196CB4EB21B448E000C5B1D6 /* TestDanger */ = {
			isa = PBXNativeTarget;
			buildConfigurationList = 196CB50921B448E100C5B1D6 /* Build configuration list for PBXNativeTarget "TestDanger" */;
			buildPhases = (
				196CB4E821B448E000C5B1D6 /* Sources */,
				196CB4E921B448E000C5B1D6 /* Frameworks */,
				196CB4EA21B448E000C5B1D6 /* Resources */,
			);
			buildRules = (
			);
			dependencies = (
			);
			name = TestDanger;
			productName = TestDanger;
			productReference = 196CB4EC21B448E000C5B1D6 /* TestDanger.app */;
			productType = "com.apple.product-type.application";
		};
		196CB4FF21B448E100C5B1D6 /* TestDangerTests */ = {
			isa = PBXNativeTarget;
			buildConfigurationList = 196CB50C21B448E100C5B1D6 /* Build configuration list for PBXNativeTarget "TestDangerTests" */;
			buildPhases = (
				196CB4FC21B448E100C5B1D6 /* Sources */,
				196CB4FD21B448E100C5B1D6 /* Frameworks */,
				196CB4FE21B448E100C5B1D6 /* Resources */,
			);
			buildRules = (
			);
			dependencies = (
				196CB50221B448E100C5B1D6 /* PBXTargetDependency */,
			);
			name = TestDangerTests;
			productName = TestDangerTests;
			productReference = 196CB50021B448E100C5B1D6 /* TestDangerTests.xctest */;
			productType = "com.apple.product-type.bundle.unit-test";
		};
/* End PBXNativeTarget section */

/* Begin PBXProject section */
		196CB4E421B448E000C5B1D6 /* Project object */ = {
			isa = PBXProject;
			attributes = {
				LastSwiftUpdateCheck = 1010;
				LastUpgradeCheck = 1010;
				ORGANIZATIONNAME = hugoSay;
				TargetAttributes = {
					196CB4EB21B448E000C5B1D6 = {
						CreatedOnToolsVersion = 10.1;
					};
					196CB4FF21B448E100C5B1D6 = {
						CreatedOnToolsVersion = 10.1;
						TestTargetID = 196CB4EB21B448E000C5B1D6;
					};
				};
			};
			buildConfigurationList = 196CB4E721B448E000C5B1D6 /* Build configuration list for PBXProject "TestDanger" */;
			compatibilityVersion = "Xcode 9.3";
			developmentRegion = en;
			hasScannedForEncodings = 0;
			knownRegions = (
				en,
				Base,
			);
			mainGroup = 196CB4E321B448E000C5B1D6;
			productRefGroup = 196CB4ED21B448E000C5B1D6 /* Products */;
			projectDirPath = "";
			projectRoot = "";
			targets = (
				196CB4EB21B448E000C5B1D6 /* TestDanger */,
				196CB4FF21B448E100C5B1D6 /* TestDangerTests */,
			);
		};
/* End PBXProject section */

/* Begin PBXResourcesBuildPhase section */
		196CB4EA21B448E000C5B1D6 /* Resources */ = {
			isa = PBXResourcesBuildPhase;
			buildActionMask = 2147483647;
			files = (
				196CB4FA21B448E100C5B1D6 /* LaunchScreen.storyboard in Resources */,
				196CB4F721B448E100C5B1D6 /* Assets.xcassets in Resources */,
				196CB4F521B448E100C5B1D6 /* Main.storyboard in Resources */,
			);
			runOnlyForDeploymentPostprocessing = 0;
		};
		196CB4FE21B448E100C5B1D6 /* Resources */ = {
			isa = PBXResourcesBuildPhase;
			buildActionMask = 2147483647;
			files = (
			);
			runOnlyForDeploymentPostprocessing = 0;
		};
/* End PBXResourcesBuildPhase section */

/* Begin PBXSourcesBuildPhase section */
		196CB4E821B448E000C5B1D6 /* Sources */ = {
			isa = PBXSourcesBuildPhase;
			buildActionMask = 2147483647;
			files = (
				196CB4F221B448E100C5B1D6 /* ViewController.swift in Sources */,
				196CB4F021B448E100C5B1D6 /* AppDelegate.swift in Sources */,
			);
			runOnlyForDeploymentPostprocessing = 0;
		};
		196CB4FC21B448E100C5B1D6 /* Sources */ = {
			isa = PBXSourcesBuildPhase;
			buildActionMask = 2147483647;
			files = (
				196CB50521B448E100C5B1D6 /* TestDangerTests.swift in Sources */,
			);
			runOnlyForDeploymentPostprocessing = 0;
		};
/* End PBXSourcesBuildPhase section */

/* Begin PBXTargetDependency section */
		196CB50221B448E100C5B1D6 /* PBXTargetDependency */ = {
			isa = PBXTargetDependency;
			target = 196CB4EB21B448E000C5B1D6 /* TestDanger */;
			targetProxy = 196CB50121B448E100C5B1D6 /* PBXContainerItemProxy */;
		};
/* End PBXTargetDependency section */

/* Begin PBXVariantGroup section */
		196CB4F321B448E100C5B1D6 /* Main.storyboard */ = {
			isa = PBXVariantGroup;
			children = (
				196CB4F421B448E100C5B1D6 /* Base */,
			);
			name = Main.storyboard;
			sourceTree = "<group>";
		};
		196CB4F821B448E100C5B1D6 /* LaunchScreen.storyboard */ = {
			isa = PBXVariantGroup;
			children = (
				196CB4F921B448E100C5B1D6 /* Base */,
			);
			name = LaunchScreen.storyboard;
			sourceTree = "<group>";
		};
/* End PBXVariantGroup section */

/* Begin XCBuildConfiguration section */
		196CB50721B448E100C5B1D6 /* Debug */ = {
			isa = XCBuildConfiguration;
			buildSettings = {
				ALWAYS_SEARCH_USER_PATHS = NO;
				CLANG_ANALYZER_NONNULL = YES;
				CLANG_ANALYZER_NUMBER_OBJECT_CONVERSION = YES_AGGRESSIVE;
				CLANG_CXX_LANGUAGE_STANDARD = "gnu++14";
				CLANG_CXX_LIBRARY = "libc++";
				CLANG_ENABLE_MODULES = YES;
				CLANG_ENABLE_OBJC_ARC = YES;
				CLANG_ENABLE_OBJC_WEAK = YES;
				CLANG_WARN_BLOCK_CAPTURE_AUTORELEASING = YES;
				CLANG_WARN_BOOL_CONVERSION = YES;
				CLANG_WARN_COMMA = YES;
				CLANG_WARN_CONSTANT_CONVERSION = YES;
				CLANG_WARN_DEPRECATED_OBJC_IMPLEMENTATIONS = YES;
				CLANG_WARN_DIRECT_OBJC_ISA_USAGE = YES_ERROR;
				CLANG_WARN_DOCUMENTATION_COMMENTS = YES;
				CLANG_WARN_EMPTY_BODY = YES;
				CLANG_WARN_ENUM_CONVERSION = YES;
				CLANG_WARN_INFINITE_RECURSION = YES;
				CLANG_WARN_INT_CONVERSION = YES;
				CLANG_WARN_NON_LITERAL_NULL_CONVERSION = YES;
				CLANG_WARN_OBJC_IMPLICIT_RETAIN_SELF = YES;
				CLANG_WARN_OBJC_LITERAL_CONVERSION = YES;
				CLANG_WARN_OBJC_ROOT_CLASS = YES_ERROR;
				CLANG_WARN_RANGE_LOOP_ANALYSIS = YES;
				CLANG_WARN_STRICT_PROTOTYPES = YES;
				CLANG_WARN_SUSPICIOUS_MOVE = YES;
				CLANG_WARN_UNGUARDED_AVAILABILITY = YES_AGGRESSIVE;
				CLANG_WARN_UNREACHABLE_CODE = YES;
				CLANG_WARN__DUPLICATE_METHOD_MATCH = YES;
				CODE_SIGN_IDENTITY = "iPhone Developer";
				COPY_PHASE_STRIP = NO;
				DEBUG_INFORMATION_FORMAT = dwarf;
				ENABLE_STRICT_OBJC_MSGSEND = YES;
				ENABLE_TESTABILITY = YES;
				GCC_C_LANGUAGE_STANDARD = gnu11;
				GCC_DYNAMIC_NO_PIC = NO;
				GCC_NO_COMMON_BLOCKS = YES;
				GCC_OPTIMIZATION_LEVEL = 0;
				GCC_PREPROCESSOR_DEFINITIONS = (
					"DEBUG=1",
					"$(inherited)",
				);
				GCC_WARN_64_TO_32_BIT_CONVERSION = YES;
				GCC_WARN_ABOUT_RETURN_TYPE = YES_ERROR;
				GCC_WARN_UNDECLARED_SELECTOR = YES;
				GCC_WARN_UNINITIALIZED_AUTOS = YES_AGGRESSIVE;
				GCC_WARN_UNUSED_FUNCTION = YES;
				GCC_WARN_UNUSED_VARIABLE = YES;
				IPHONEOS_DEPLOYMENT_TARGET = 12.1;
				MTL_ENABLE_DEBUG_INFO = INCLUDE_SOURCE;
				MTL_FAST_MATH = YES;
				ONLY_ACTIVE_ARCH = YES;
				SDKROOT = iphoneos;
				SWIFT_ACTIVE_COMPILATION_CONDITIONS = DEBUG;
				SWIFT_OPTIMIZATION_LEVEL = "-Onone";
			};
			name = Debug;
		};
		196CB50821B448E100C5B1D6 /* Release */ = {
			isa = XCBuildConfiguration;
			buildSettings = {
				ALWAYS_SEARCH_USER_PATHS = NO;
				CLANG_ANALYZER_NONNULL = YES;
				CLANG_ANALYZER_NUMBER_OBJECT_CONVERSION = YES_AGGRESSIVE;
				CLANG_CXX_LANGUAGE_STANDARD = "gnu++14";
				CLANG_CXX_LIBRARY = "libc++";
				CLANG_ENABLE_MODULES = YES;
				CLANG_ENABLE_OBJC_ARC = YES;
				CLANG_ENABLE_OBJC_WEAK = YES;
				CLANG_WARN_BLOCK_CAPTURE_AUTORELEASING = YES;
				CLANG_WARN_BOOL_CONVERSION = YES;
				CLANG_WARN_COMMA = YES;
				CLANG_WARN_CONSTANT_CONVERSION = YES;
				CLANG_WARN_DEPRECATED_OBJC_IMPLEMENTATIONS = YES;
				CLANG_WARN_DIRECT_OBJC_ISA_USAGE = YES_ERROR;
				CLANG_WARN_DOCUMENTATION_COMMENTS = YES;
				CLANG_WARN_EMPTY_BODY = YES;
				CLANG_WARN_ENUM_CONVERSION = YES;
				CLANG_WARN_INFINITE_RECURSION = YES;
				CLANG_WARN_INT_CONVERSION = YES;
				CLANG_WARN_NON_LITERAL_NULL_CONVERSION = YES;
				CLANG_WARN_OBJC_IMPLICIT_RETAIN_SELF = YES;
				CLANG_WARN_OBJC_LITERAL_CONVERSION = YES;
				CLANG_WARN_OBJC_ROOT_CLASS = YES_ERROR;
				CLANG_WARN_RANGE_LOOP_ANALYSIS = YES;
				CLANG_WARN_STRICT_PROTOTYPES = YES;
				CLANG_WARN_SUSPICIOUS_MOVE = YES;
				CLANG_WARN_UNGUARDED_AVAILABILITY = YES_AGGRESSIVE;
				CLANG_WARN_UNREACHABLE_CODE = YES;
				CLANG_WARN__DUPLICATE_METHOD_MATCH = YES;
				CODE_SIGN_IDENTITY = "iPhone Developer";
				COPY_PHASE_STRIP = NO;
				DEBUG_INFORMATION_FORMAT = "dwarf-with-dsym";
				ENABLE_NS_ASSERTIONS = NO;
				ENABLE_STRICT_OBJC_MSGSEND = YES;
				GCC_C_LANGUAGE_STANDARD = gnu11;
				GCC_NO_COMMON_BLOCKS = YES;
				GCC_WARN_64_TO_32_BIT_CONVERSION = YES;
				GCC_WARN_ABOUT_RETURN_TYPE = YES_ERROR;
				GCC_WARN_UNDECLARED_SELECTOR = YES;
				GCC_WARN_UNINITIALIZED_AUTOS = YES_AGGRESSIVE;
				GCC_WARN_UNUSED_FUNCTION = YES;
				GCC_WARN_UNUSED_VARIABLE = YES;
				IPHONEOS_DEPLOYMENT_TARGET = 12.1;
				MTL_ENABLE_DEBUG_INFO = NO;
				MTL_FAST_MATH = YES;
				SDKROOT = iphoneos;
				SWIFT_COMPILATION_MODE = wholemodule;
				SWIFT_OPTIMIZATION_LEVEL = "-O";
				VALIDATE_PRODUCT = YES;
			};
			name = Release;
		};
		196CB50A21B448E100C5B1D6 /* Debug */ = {
			isa = XCBuildConfiguration;
			buildSettings = {
				ASSETCATALOG_COMPILER_APPICON_NAME = AppIcon;
				CODE_SIGN_STYLE = Automatic;
				DEVELOPMENT_TEAM = ZZLR4N8R46;
				INFOPLIST_FILE = TestDanger/Info.plist;
				LD_RUNPATH_SEARCH_PATHS = (
					"$(inherited)",
					"@executable_path/Frameworks",
				);
				PRODUCT_BUNDLE_IDENTIFIER = com.hugoSay.TestDanger;
				PRODUCT_NAME = "$(TARGET_NAME)";
				SWIFT_VERSION = 4.2;
				TARGETED_DEVICE_FAMILY = "1,2";
			};
			name = Debug;
		};
		196CB50B21B448E100C5B1D6 /* Release */ = {
			isa = XCBuildConfiguration;
			buildSettings = {
				ASSETCATALOG_COMPILER_APPICON_NAME = AppIcon;
				CODE_SIGN_STYLE = Automatic;
				DEVELOPMENT_TEAM = ZZLR4N8R46;
				INFOPLIST_FILE = TestDanger/Info.plist;
				LD_RUNPATH_SEARCH_PATHS = (
					"$(inherited)",
					"@executable_path/Frameworks",
				);
				PRODUCT_BUNDLE_IDENTIFIER = com.hugoSay.TestDanger;
				PRODUCT_NAME = "$(TARGET_NAME)";
				SWIFT_VERSION = 4.2;
				TARGETED_DEVICE_FAMILY = "1,2";
			};
			name = Release;
		};
		196CB50D21B448E100C5B1D6 /* Debug */ = {
			isa = XCBuildConfiguration;
			buildSettings = {
				ALWAYS_EMBED_SWIFT_STANDARD_LIBRARIES = YES;
				BUNDLE_LOADER = "$(TEST_HOST)";
				CODE_SIGN_STYLE = Automatic;
				DEVELOPMENT_TEAM = ZZLR4N8R46;
				INFOPLIST_FILE = TestDangerTests/Info.plist;
				LD_RUNPATH_SEARCH_PATHS = (
					"$(inherited)",
					"@executable_path/Frameworks",
					"@loader_path/Frameworks",
				);
				PRODUCT_BUNDLE_IDENTIFIER = com.hugoSay.TestDangerTests;
				PRODUCT_NAME = "$(TARGET_NAME)";
				SWIFT_VERSION = 4.2;
				TARGETED_DEVICE_FAMILY = "1,2";
				TEST_HOST = "$(BUILT_PRODUCTS_DIR)/TestDanger.app/TestDanger";
			};
			name = Debug;
		};
		196CB50E21B448E100C5B1D6 /* Release */ = {
			isa = XCBuildConfiguration;
			buildSettings = {
				ALWAYS_EMBED_SWIFT_STANDARD_LIBRARIES = YES;
				BUNDLE_LOADER = "$(TEST_HOST)";
				CODE_SIGN_STYLE = Automatic;
				DEVELOPMENT_TEAM = ZZLR4N8R46;
				INFOPLIST_FILE = TestDangerTests/Info.plist;
				LD_RUNPATH_SEARCH_PATHS = (
					"$(inherited)",
					"@executable_path/Frameworks",
					"@loader_path/Frameworks",
				);
				PRODUCT_BUNDLE_IDENTIFIER = com.hugoSay.TestDangerTests;
				PRODUCT_NAME = "$(TARGET_NAME)";
				SWIFT_VERSION = 4.2;
				TARGETED_DEVICE_FAMILY = "1,2";
				TEST_HOST = "$(BUILT_PRODUCTS_DIR)/TestDanger.app/TestDanger";
			};
			name = Release;
		};
/* End XCBuildConfiguration section */

/* Begin XCConfigurationList section */
		196CB4E721B448E000C5B1D6 /* Build configuration list for PBXProject "TestDanger" */ = {
			isa = XCConfigurationList;
			buildConfigurations = (
				196CB50721B448E100C5B1D6 /* Debug */,
				196CB50821B448E100C5B1D6 /* Release */,
			);
			defaultConfigurationIsVisible = 0;
			defaultConfigurationName = Release;
		};
		196CB50921B448E100C5B1D6 /* Build configuration list for PBXNativeTarget "TestDanger" */ = {
			isa = XCConfigurationList;
			buildConfigurations = (
				196CB50A21B448E100C5B1D6 /* Debug */,
				196CB50B21B448E100C5B1D6 /* Release */,
			);
			defaultConfigurationIsVisible = 0;
			defaultConfigurationName = Release;
		};
		196CB50C21B448E100C5B1D6 /* Build configuration list for PBXNativeTarget "TestDangerTests" */ = {
			isa = XCConfigurationList;
			buildConfigurations = (
				196CB50D21B448E100C5B1D6 /* Debug */,
				196CB50E21B448E100C5B1D6 /* Release */,
			);
			defaultConfigurationIsVisible = 0;
			defaultConfigurationName = Release;
		};
/* End XCConfigurationList section */
	};
	rootObject = 196CB4E421B448E000C5B1D6 /* Project object */;
}
